// !$*UTF8*$!
{
	archiveVersion = 1;
	classes = {
	};
	objectVersion = 56;
	objects = {

/* Begin PBXBuildFile section */
		BB03F27E2ADC6A35005238C5 /* MenuItemRowView.swift in Sources */ = {isa = PBXBuildFile; fileRef = BB03F27D2ADC6A35005238C5 /* MenuItemRowView.swift */; };
		BB03F2802ADC6C6C005238C5 /* Double.swift in Sources */ = {isa = PBXBuildFile; fileRef = BB03F27F2ADC6C6C005238C5 /* Double.swift */; };
		BB0419682AD895090016D51C /* MapViewModel.swift in Sources */ = {isa = PBXBuildFile; fileRef = BB0419672AD895090016D51C /* MapViewModel.swift */; };
		BB04196A2AD895290016D51C /* CLLocation.swift in Sources */ = {isa = PBXBuildFile; fileRef = BB0419692AD895290016D51C /* CLLocation.swift */; };
		BB3745CA2AE31B11000E342B /* Line.swift in Sources */ = {isa = PBXBuildFile; fileRef = BB3745C92AE31B11000E342B /* Line.swift */; };
		BB3745CD2AE31B38000E342B /* DeliveryOption.swift in Sources */ = {isa = PBXBuildFile; fileRef = BB3745CC2AE31B38000E342B /* DeliveryOption.swift */; };
		BB54B1482AD48920006151A6 /* CachedImage.swift in Sources */ = {isa = PBXBuildFile; fileRef = BB54B1472AD48920006151A6 /* CachedImage.swift */; };
		BB54B14A2AD48A09006151A6 /* CacheManager.swift in Sources */ = {isa = PBXBuildFile; fileRef = BB54B1492AD48A09006151A6 /* CacheManager.swift */; };
		BB6976022ACF32E000FD0753 /* ItalianoApp.swift in Sources */ = {isa = PBXBuildFile; fileRef = BB6976012ACF32E000FD0753 /* ItalianoApp.swift */; };
		BB6976042ACF32E000FD0753 /* ContentView.swift in Sources */ = {isa = PBXBuildFile; fileRef = BB6976032ACF32E000FD0753 /* ContentView.swift */; };
		BB6976082ACF32E100FD0753 /* Assets.xcassets in Resources */ = {isa = PBXBuildFile; fileRef = BB6976072ACF32E100FD0753 /* Assets.xcassets */; };
		BB69760C2ACF32E100FD0753 /* Preview Assets.xcassets in Resources */ = {isa = PBXBuildFile; fileRef = BB69760B2ACF32E100FD0753 /* Preview Assets.xcassets */; };
		BB6976162ACF32E100FD0753 /* JSONTests.swift in Sources */ = {isa = PBXBuildFile; fileRef = BB6976152ACF32E100FD0753 /* JSONTests.swift */; };
		BB6976202ACF32E100FD0753 /* ItalianoUITests.swift in Sources */ = {isa = PBXBuildFile; fileRef = BB69761F2ACF32E100FD0753 /* ItalianoUITests.swift */; };
		BB6976222ACF32E100FD0753 /* ItalianoUITestsLaunchTests.swift in Sources */ = {isa = PBXBuildFile; fileRef = BB6976212ACF32E100FD0753 /* ItalianoUITestsLaunchTests.swift */; };
		BB6D1C932AE1891D00B23ED0 /* CartItemOverview.swift in Sources */ = {isa = PBXBuildFile; fileRef = BB6D1C922AE1891D00B23ED0 /* CartItemOverview.swift */; };
		BB7436B62ADABC3C008FC984 /* MenuView.swift in Sources */ = {isa = PBXBuildFile; fileRef = BB7436B52ADABC3C008FC984 /* MenuView.swift */; };
		BB7D80482AD8926C0019E911 /* LocationRowView.swift in Sources */ = {isa = PBXBuildFile; fileRef = BB7D80472AD8926C0019E911 /* LocationRowView.swift */; };
		BB830B5F2AD18D6E009CA51A /* VersionedSchemas.swift in Sources */ = {isa = PBXBuildFile; fileRef = BB830B5E2AD18D6E009CA51A /* VersionedSchemas.swift */; };
		BB830B612AD18E4B009CA51A /* PreviewContainer.swift in Sources */ = {isa = PBXBuildFile; fileRef = BB830B602AD18E4B009CA51A /* PreviewContainer.swift */; };
		BB830B632AD18FE7009CA51A /* SwiftDataPreview.swift in Sources */ = {isa = PBXBuildFile; fileRef = BB830B622AD18FE7009CA51A /* SwiftDataPreview.swift */; };
		BB830B652AD1A621009CA51A /* Color.swift in Sources */ = {isa = PBXBuildFile; fileRef = BB830B642AD1A621009CA51A /* Color.swift */; };
		BB830B692AD1AD4F009CA51A /* HomeView.swift in Sources */ = {isa = PBXBuildFile; fileRef = BB830B682AD1AD4F009CA51A /* HomeView.swift */; };
		BB830B6B2AD1B199009CA51A /* Aleo.ttf in Resources */ = {isa = PBXBuildFile; fileRef = BB830B6A2AD1B199009CA51A /* Aleo.ttf */; };
		BB830B6F2AD1B24E009CA51A /* Font.swift in Sources */ = {isa = PBXBuildFile; fileRef = BB830B6E2AD1B24E009CA51A /* Font.swift */; };
		BB830B722AD1C6A6009CA51A /* Offers.json in Resources */ = {isa = PBXBuildFile; fileRef = BB830B712AD1C6A6009CA51A /* Offers.json */; };
		BB830B762AD1CCEB009CA51A /* DataContainer.swift in Sources */ = {isa = PBXBuildFile; fileRef = BB830B752AD1CCEB009CA51A /* DataContainer.swift */; };
		BB830B782AD1D827009CA51A /* JSONDecoder.swift in Sources */ = {isa = PBXBuildFile; fileRef = BB830B772AD1D827009CA51A /* JSONDecoder.swift */; };
		BB830B7D2AD1DD5F009CA51A /* OfferCellView.swift in Sources */ = {isa = PBXBuildFile; fileRef = BB830B7C2AD1DD5F009CA51A /* OfferCellView.swift */; };
		BB830B802AD1FAEC009CA51A /* OfferView.swift in Sources */ = {isa = PBXBuildFile; fileRef = BB830B7F2AD1FAEC009CA51A /* OfferView.swift */; };
		BB8E3A5D2AE443A100BDAC6B /* CardDetailsInputView.swift in Sources */ = {isa = PBXBuildFile; fileRef = BB8E3A5C2AE443A100BDAC6B /* CardDetailsInputView.swift */; };
		BB8E907E2ADF1D3700A2E56E /* OptionView.swift in Sources */ = {isa = PBXBuildFile; fileRef = BB8E907D2ADF1D3700A2E56E /* OptionView.swift */; };
		BBA1D9152ADB198500941988 /* Menu.json in Resources */ = {isa = PBXBuildFile; fileRef = BBA1D9142ADB198500941988 /* Menu.json */; };
		BBA1D9182ADB1D4600941988 /* MenuSectionCellView.swift in Sources */ = {isa = PBXBuildFile; fileRef = BBA1D9172ADB1D4600941988 /* MenuSectionCellView.swift */; };
		BBA1D91A2ADB205000941988 /* MenuSectionView.swift in Sources */ = {isa = PBXBuildFile; fileRef = BBA1D9192ADB205000941988 /* MenuSectionView.swift */; };
		BBAF51C22AE05C8F00091282 /* CartManager.swift in Sources */ = {isa = PBXBuildFile; fileRef = BBAF51C12AE05C8F00091282 /* CartManager.swift */; };
		BBAF51C72AE05FD800091282 /* ItemAddedView.swift in Sources */ = {isa = PBXBuildFile; fileRef = BBAF51C62AE05FD800091282 /* ItemAddedView.swift */; };
		BBAF51CA2AE06D2E00091282 /* CartView.swift in Sources */ = {isa = PBXBuildFile; fileRef = BBAF51C92AE06D2E00091282 /* CartView.swift */; };
		BBAF51CD2AE0751800091282 /* CartRowView.swift in Sources */ = {isa = PBXBuildFile; fileRef = BBAF51CC2AE0751800091282 /* CartRowView.swift */; };
		BBD19F892AD2D92D00EFAB2A /* JSONOffersTests.json in Resources */ = {isa = PBXBuildFile; fileRef = BBD19F862AD2D85900EFAB2A /* JSONOffersTests.json */; };
		BBDF3DFB2AD2EC1B00DD56D5 /* RouteManager.swift in Sources */ = {isa = PBXBuildFile; fileRef = BBDF3DFA2AD2EC1B00DD56D5 /* RouteManager.swift */; };
		BBDF3DFF2AD2F5D300DD56D5 /* RouteManagerTests.swift in Sources */ = {isa = PBXBuildFile; fileRef = BBDF3DFE2AD2F5D300DD56D5 /* RouteManagerTests.swift */; };
		BBDF3E022AD314B400DD56D5 /* MapView.swift in Sources */ = {isa = PBXBuildFile; fileRef = BBDF3E012AD314B400DD56D5 /* MapView.swift */; };
		BBDF3E042AD318B600DD56D5 /* Locations.json in Resources */ = {isa = PBXBuildFile; fileRef = BBDF3E032AD318B600DD56D5 /* Locations.json */; };
		BBF8962C2AD9E2380076B476 /* DirectionManager.swift in Sources */ = {isa = PBXBuildFile; fileRef = BBF8962B2AD9E2380076B476 /* DirectionManager.swift */; };
		BBF8962E2AD9E26F0076B476 /* TimeInterval.swift in Sources */ = {isa = PBXBuildFile; fileRef = BBF8962D2AD9E26F0076B476 /* TimeInterval.swift */; };
		BBF8A6B12ADA8FAA005CA357 /* JSONLocationsTests.json in Resources */ = {isa = PBXBuildFile; fileRef = BBF8A6AF2ADA8DE5005CA357 /* JSONLocationsTests.json */; };
		BBFAF0E42ADDC237003C52CF /* MenuItemView.swift in Sources */ = {isa = PBXBuildFile; fileRef = BBFAF0E32ADDC237003C52CF /* MenuItemView.swift */; };
/* End PBXBuildFile section */

/* Begin PBXContainerItemProxy section */
		BB6976122ACF32E100FD0753 /* PBXContainerItemProxy */ = {
			isa = PBXContainerItemProxy;
			containerPortal = BB6975F62ACF32E000FD0753 /* Project object */;
			proxyType = 1;
			remoteGlobalIDString = BB6975FD2ACF32E000FD0753;
			remoteInfo = Italiano;
		};
		BB69761C2ACF32E100FD0753 /* PBXContainerItemProxy */ = {
			isa = PBXContainerItemProxy;
			containerPortal = BB6975F62ACF32E000FD0753 /* Project object */;
			proxyType = 1;
			remoteGlobalIDString = BB6975FD2ACF32E000FD0753;
			remoteInfo = Italiano;
		};
/* End PBXContainerItemProxy section */

/* Begin PBXFileReference section */
		BB03F27D2ADC6A35005238C5 /* MenuItemRowView.swift */ = {isa = PBXFileReference; lastKnownFileType = sourcecode.swift; path = MenuItemRowView.swift; sourceTree = "<group>"; };
		BB03F27F2ADC6C6C005238C5 /* Double.swift */ = {isa = PBXFileReference; lastKnownFileType = sourcecode.swift; path = Double.swift; sourceTree = "<group>"; };
		BB0419672AD895090016D51C /* MapViewModel.swift */ = {isa = PBXFileReference; lastKnownFileType = sourcecode.swift; path = MapViewModel.swift; sourceTree = "<group>"; };
		BB0419692AD895290016D51C /* CLLocation.swift */ = {isa = PBXFileReference; lastKnownFileType = sourcecode.swift; path = CLLocation.swift; sourceTree = "<group>"; };
		BB3745C92AE31B11000E342B /* Line.swift */ = {isa = PBXFileReference; lastKnownFileType = sourcecode.swift; path = Line.swift; sourceTree = "<group>"; };
		BB3745CC2AE31B38000E342B /* DeliveryOption.swift */ = {isa = PBXFileReference; lastKnownFileType = sourcecode.swift; path = DeliveryOption.swift; sourceTree = "<group>"; };
		BB54B1472AD48920006151A6 /* CachedImage.swift */ = {isa = PBXFileReference; lastKnownFileType = sourcecode.swift; path = CachedImage.swift; sourceTree = "<group>"; };
		BB54B1492AD48A09006151A6 /* CacheManager.swift */ = {isa = PBXFileReference; lastKnownFileType = sourcecode.swift; path = CacheManager.swift; sourceTree = "<group>"; };
		BB6975FE2ACF32E000FD0753 /* Italiano.app */ = {isa = PBXFileReference; explicitFileType = wrapper.application; includeInIndex = 0; path = Italiano.app; sourceTree = BUILT_PRODUCTS_DIR; };
		BB6976012ACF32E000FD0753 /* ItalianoApp.swift */ = {isa = PBXFileReference; lastKnownFileType = sourcecode.swift; path = ItalianoApp.swift; sourceTree = "<group>"; };
		BB6976032ACF32E000FD0753 /* ContentView.swift */ = {isa = PBXFileReference; lastKnownFileType = sourcecode.swift; path = ContentView.swift; sourceTree = "<group>"; };
		BB6976072ACF32E100FD0753 /* Assets.xcassets */ = {isa = PBXFileReference; lastKnownFileType = folder.assetcatalog; path = Assets.xcassets; sourceTree = "<group>"; };
		BB6976092ACF32E100FD0753 /* Italiano.entitlements */ = {isa = PBXFileReference; lastKnownFileType = text.plist.entitlements; path = Italiano.entitlements; sourceTree = "<group>"; };
		BB69760B2ACF32E100FD0753 /* Preview Assets.xcassets */ = {isa = PBXFileReference; lastKnownFileType = folder.assetcatalog; path = "Preview Assets.xcassets"; sourceTree = "<group>"; };
		BB6976112ACF32E100FD0753 /* ItalianoTests.xctest */ = {isa = PBXFileReference; explicitFileType = wrapper.cfbundle; includeInIndex = 0; path = ItalianoTests.xctest; sourceTree = BUILT_PRODUCTS_DIR; };
		BB6976152ACF32E100FD0753 /* JSONTests.swift */ = {isa = PBXFileReference; lastKnownFileType = sourcecode.swift; path = JSONTests.swift; sourceTree = "<group>"; };
		BB69761B2ACF32E100FD0753 /* ItalianoUITests.xctest */ = {isa = PBXFileReference; explicitFileType = wrapper.cfbundle; includeInIndex = 0; path = ItalianoUITests.xctest; sourceTree = BUILT_PRODUCTS_DIR; };
		BB69761F2ACF32E100FD0753 /* ItalianoUITests.swift */ = {isa = PBXFileReference; lastKnownFileType = sourcecode.swift; path = ItalianoUITests.swift; sourceTree = "<group>"; };
		BB6976212ACF32E100FD0753 /* ItalianoUITestsLaunchTests.swift */ = {isa = PBXFileReference; lastKnownFileType = sourcecode.swift; path = ItalianoUITestsLaunchTests.swift; sourceTree = "<group>"; };
		BB6D1C922AE1891D00B23ED0 /* CartItemOverview.swift */ = {isa = PBXFileReference; lastKnownFileType = sourcecode.swift; path = CartItemOverview.swift; sourceTree = "<group>"; };
		BB7436B52ADABC3C008FC984 /* MenuView.swift */ = {isa = PBXFileReference; lastKnownFileType = sourcecode.swift; path = MenuView.swift; sourceTree = "<group>"; };
		BB7D80472AD8926C0019E911 /* LocationRowView.swift */ = {isa = PBXFileReference; lastKnownFileType = sourcecode.swift; path = LocationRowView.swift; sourceTree = "<group>"; };
		BB830B5E2AD18D6E009CA51A /* VersionedSchemas.swift */ = {isa = PBXFileReference; lastKnownFileType = sourcecode.swift; path = VersionedSchemas.swift; sourceTree = "<group>"; };
		BB830B602AD18E4B009CA51A /* PreviewContainer.swift */ = {isa = PBXFileReference; lastKnownFileType = sourcecode.swift; path = PreviewContainer.swift; sourceTree = "<group>"; };
		BB830B622AD18FE7009CA51A /* SwiftDataPreview.swift */ = {isa = PBXFileReference; lastKnownFileType = sourcecode.swift; path = SwiftDataPreview.swift; sourceTree = "<group>"; };
		BB830B642AD1A621009CA51A /* Color.swift */ = {isa = PBXFileReference; lastKnownFileType = sourcecode.swift; path = Color.swift; sourceTree = "<group>"; };
		BB830B682AD1AD4F009CA51A /* HomeView.swift */ = {isa = PBXFileReference; lastKnownFileType = sourcecode.swift; path = HomeView.swift; sourceTree = "<group>"; };
		BB830B6A2AD1B199009CA51A /* Aleo.ttf */ = {isa = PBXFileReference; lastKnownFileType = file; path = Aleo.ttf; sourceTree = "<group>"; };
		BB830B6D2AD1B1E6009CA51A /* Info.plist */ = {isa = PBXFileReference; lastKnownFileType = text.plist; path = Info.plist; sourceTree = "<group>"; };
		BB830B6E2AD1B24E009CA51A /* Font.swift */ = {isa = PBXFileReference; lastKnownFileType = sourcecode.swift; path = Font.swift; sourceTree = "<group>"; };
		BB830B712AD1C6A6009CA51A /* Offers.json */ = {isa = PBXFileReference; lastKnownFileType = text.json; path = Offers.json; sourceTree = "<group>"; };
		BB830B752AD1CCEB009CA51A /* DataContainer.swift */ = {isa = PBXFileReference; lastKnownFileType = sourcecode.swift; path = DataContainer.swift; sourceTree = "<group>"; };
		BB830B772AD1D827009CA51A /* JSONDecoder.swift */ = {isa = PBXFileReference; lastKnownFileType = sourcecode.swift; path = JSONDecoder.swift; sourceTree = "<group>"; };
		BB830B7C2AD1DD5F009CA51A /* OfferCellView.swift */ = {isa = PBXFileReference; lastKnownFileType = sourcecode.swift; path = OfferCellView.swift; sourceTree = "<group>"; };
		BB830B7F2AD1FAEC009CA51A /* OfferView.swift */ = {isa = PBXFileReference; lastKnownFileType = sourcecode.swift; path = OfferView.swift; sourceTree = "<group>"; };
		BB8E3A5C2AE443A100BDAC6B /* CardDetailsInputView.swift */ = {isa = PBXFileReference; lastKnownFileType = sourcecode.swift; path = CardDetailsInputView.swift; sourceTree = "<group>"; };
		BB8E907D2ADF1D3700A2E56E /* OptionView.swift */ = {isa = PBXFileReference; lastKnownFileType = sourcecode.swift; path = OptionView.swift; sourceTree = "<group>"; };
		BBA1D9142ADB198500941988 /* Menu.json */ = {isa = PBXFileReference; lastKnownFileType = text.json; path = Menu.json; sourceTree = "<group>"; };
		BBA1D9172ADB1D4600941988 /* MenuSectionCellView.swift */ = {isa = PBXFileReference; lastKnownFileType = sourcecode.swift; path = MenuSectionCellView.swift; sourceTree = "<group>"; };
		BBA1D9192ADB205000941988 /* MenuSectionView.swift */ = {isa = PBXFileReference; lastKnownFileType = sourcecode.swift; path = MenuSectionView.swift; sourceTree = "<group>"; };
		BBAF51C12AE05C8F00091282 /* CartManager.swift */ = {isa = PBXFileReference; lastKnownFileType = sourcecode.swift; path = CartManager.swift; sourceTree = "<group>"; };
		BBAF51C62AE05FD800091282 /* ItemAddedView.swift */ = {isa = PBXFileReference; lastKnownFileType = sourcecode.swift; path = ItemAddedView.swift; sourceTree = "<group>"; };
		BBAF51C92AE06D2E00091282 /* CartView.swift */ = {isa = PBXFileReference; lastKnownFileType = sourcecode.swift; path = CartView.swift; sourceTree = "<group>"; };
		BBAF51CC2AE0751800091282 /* CartRowView.swift */ = {isa = PBXFileReference; lastKnownFileType = sourcecode.swift; path = CartRowView.swift; sourceTree = "<group>"; };
		BBD19F862AD2D85900EFAB2A /* JSONOffersTests.json */ = {isa = PBXFileReference; lastKnownFileType = text.json; path = JSONOffersTests.json; sourceTree = "<group>"; };
		BBDF3DFA2AD2EC1B00DD56D5 /* RouteManager.swift */ = {isa = PBXFileReference; lastKnownFileType = sourcecode.swift; path = RouteManager.swift; sourceTree = "<group>"; };
		BBDF3DFE2AD2F5D300DD56D5 /* RouteManagerTests.swift */ = {isa = PBXFileReference; lastKnownFileType = sourcecode.swift; path = RouteManagerTests.swift; sourceTree = "<group>"; };
		BBDF3E012AD314B400DD56D5 /* MapView.swift */ = {isa = PBXFileReference; lastKnownFileType = sourcecode.swift; path = MapView.swift; sourceTree = "<group>"; };
		BBDF3E032AD318B600DD56D5 /* Locations.json */ = {isa = PBXFileReference; lastKnownFileType = text.json; path = Locations.json; sourceTree = "<group>"; };
		BBF8962B2AD9E2380076B476 /* DirectionManager.swift */ = {isa = PBXFileReference; lastKnownFileType = sourcecode.swift; path = DirectionManager.swift; sourceTree = "<group>"; };
		BBF8962D2AD9E26F0076B476 /* TimeInterval.swift */ = {isa = PBXFileReference; lastKnownFileType = sourcecode.swift; path = TimeInterval.swift; sourceTree = "<group>"; };
		BBF8A6AF2ADA8DE5005CA357 /* JSONLocationsTests.json */ = {isa = PBXFileReference; lastKnownFileType = text.json; path = JSONLocationsTests.json; sourceTree = "<group>"; };
		BBFAF0E32ADDC237003C52CF /* MenuItemView.swift */ = {isa = PBXFileReference; lastKnownFileType = sourcecode.swift; path = MenuItemView.swift; sourceTree = "<group>"; };
/* End PBXFileReference section */

/* Begin PBXFrameworksBuildPhase section */
		BB6975FB2ACF32E000FD0753 /* Frameworks */ = {
			isa = PBXFrameworksBuildPhase;
			buildActionMask = 2147483647;
			files = (
			);
			runOnlyForDeploymentPostprocessing = 0;
		};
		BB69760E2ACF32E100FD0753 /* Frameworks */ = {
			isa = PBXFrameworksBuildPhase;
			buildActionMask = 2147483647;
			files = (
			);
			runOnlyForDeploymentPostprocessing = 0;
		};
		BB6976182ACF32E100FD0753 /* Frameworks */ = {
			isa = PBXFrameworksBuildPhase;
			buildActionMask = 2147483647;
			files = (
			);
			runOnlyForDeploymentPostprocessing = 0;
		};
/* End PBXFrameworksBuildPhase section */

/* Begin PBXGroup section */
		BB3745CB2AE31B2C000E342B /* Enums */ = {
			isa = PBXGroup;
			children = (
				BB3745CC2AE31B38000E342B /* DeliveryOption.swift */,
			);
			path = Enums;
			sourceTree = "<group>";
		};
		BB6975F52ACF32E000FD0753 = {
			isa = PBXGroup;
			children = (
				BB6976002ACF32E000FD0753 /* Italiano */,
				BB6976142ACF32E100FD0753 /* ItalianoTests */,
				BB69761E2ACF32E100FD0753 /* ItalianoUITests */,
				BB6975FF2ACF32E000FD0753 /* Products */,
			);
			sourceTree = "<group>";
		};
		BB6975FF2ACF32E000FD0753 /* Products */ = {
			isa = PBXGroup;
			children = (
				BB6975FE2ACF32E000FD0753 /* Italiano.app */,
				BB6976112ACF32E100FD0753 /* ItalianoTests.xctest */,
				BB69761B2ACF32E100FD0753 /* ItalianoUITests.xctest */,
			);
			name = Products;
			sourceTree = "<group>";
		};
		BB6976002ACF32E000FD0753 /* Italiano */ = {
			isa = PBXGroup;
			children = (
				BB830B702AD1C5B4009CA51A /* JSON Data */,
				BB830B6D2AD1B1E6009CA51A /* Info.plist */,
				BB6976092ACF32E100FD0753 /* Italiano.entitlements */,
				BB6976012ACF32E000FD0753 /* ItalianoApp.swift */,
				BB6976032ACF32E000FD0753 /* ContentView.swift */,
				BB830B6C2AD1B1A4009CA51A /* Assets */,
				BB830B7B2AD1DC98009CA51A /* Components */,
				BBAF51C82AE06D2300091282 /* Cart */,
				BBDF3E002AD314A900DD56D5 /* MapTab */,
				BB7436B42ADABC1D008FC984 /* MenuTab */,
				BB830B672AD1AD3C009CA51A /* HomeTab */,
				BB6976312ACF338700FD0753 /* Utilities */,
				BB6976302ACF338400FD0753 /* Managers */,
				BB3745CB2AE31B2C000E342B /* Enums */,
				BB69762F2ACF337F00FD0753 /* Extensions */,
				BB69762E2ACF337C00FD0753 /* Models */,
				BB69760A2ACF32E100FD0753 /* Preview Content */,
			);
			path = Italiano;
			sourceTree = "<group>";
		};
		BB69760A2ACF32E100FD0753 /* Preview Content */ = {
			isa = PBXGroup;
			children = (
				BB69760B2ACF32E100FD0753 /* Preview Assets.xcassets */,
			);
			path = "Preview Content";
			sourceTree = "<group>";
		};
		BB6976142ACF32E100FD0753 /* ItalianoTests */ = {
			isa = PBXGroup;
			children = (
				BBD19F852AD2D7AD00EFAB2A /* JSON */,
				BBDF3DFE2AD2F5D300DD56D5 /* RouteManagerTests.swift */,
			);
			path = ItalianoTests;
			sourceTree = "<group>";
		};
		BB69761E2ACF32E100FD0753 /* ItalianoUITests */ = {
			isa = PBXGroup;
			children = (
				BB69761F2ACF32E100FD0753 /* ItalianoUITests.swift */,
				BB6976212ACF32E100FD0753 /* ItalianoUITestsLaunchTests.swift */,
			);
			path = ItalianoUITests;
			sourceTree = "<group>";
		};
		BB69762E2ACF337C00FD0753 /* Models */ = {
			isa = PBXGroup;
			children = (
				BB830B5E2AD18D6E009CA51A /* VersionedSchemas.swift */,
			);
			path = Models;
			sourceTree = "<group>";
		};
		BB69762F2ACF337F00FD0753 /* Extensions */ = {
			isa = PBXGroup;
			children = (
				BB830B642AD1A621009CA51A /* Color.swift */,
				BB830B6E2AD1B24E009CA51A /* Font.swift */,
				BB830B772AD1D827009CA51A /* JSONDecoder.swift */,
				BB0419692AD895290016D51C /* CLLocation.swift */,
				BBF8962D2AD9E26F0076B476 /* TimeInterval.swift */,
				BB03F27F2ADC6C6C005238C5 /* Double.swift */,
			);
			path = Extensions;
			sourceTree = "<group>";
		};
		BB6976302ACF338400FD0753 /* Managers */ = {
			isa = PBXGroup;
			children = (
				BBDF3DFA2AD2EC1B00DD56D5 /* RouteManager.swift */,
				BB54B1492AD48A09006151A6 /* CacheManager.swift */,
				BBF8962B2AD9E2380076B476 /* DirectionManager.swift */,
				BBAF51C12AE05C8F00091282 /* CartManager.swift */,
			);
			path = Managers;
			sourceTree = "<group>";
		};
		BB6976312ACF338700FD0753 /* Utilities */ = {
			isa = PBXGroup;
			children = (
				BB830B602AD18E4B009CA51A /* PreviewContainer.swift */,
				BB830B622AD18FE7009CA51A /* SwiftDataPreview.swift */,
				BB830B752AD1CCEB009CA51A /* DataContainer.swift */,
			);
			path = Utilities;
			sourceTree = "<group>";
		};
		BB7436B42ADABC1D008FC984 /* MenuTab */ = {
			isa = PBXGroup;
			children = (
				BB7436B52ADABC3C008FC984 /* MenuView.swift */,
				BBFAF0E12ADDC1FB003C52CF /* Components */,
			);
			path = MenuTab;
			sourceTree = "<group>";
		};
		BB830B672AD1AD3C009CA51A /* HomeTab */ = {
			isa = PBXGroup;
			children = (
				BB830B682AD1AD4F009CA51A /* HomeView.swift */,
			);
			path = HomeTab;
			sourceTree = "<group>";
		};
		BB830B6C2AD1B1A4009CA51A /* Assets */ = {
			isa = PBXGroup;
			children = (
				BB6976072ACF32E100FD0753 /* Assets.xcassets */,
				BB830B6A2AD1B199009CA51A /* Aleo.ttf */,
			);
			path = Assets;
			sourceTree = "<group>";
		};
		BB830B702AD1C5B4009CA51A /* JSON Data */ = {
			isa = PBXGroup;
			children = (
				BB830B712AD1C6A6009CA51A /* Offers.json */,
				BBDF3E032AD318B600DD56D5 /* Locations.json */,
				BBA1D9142ADB198500941988 /* Menu.json */,
			);
			path = "JSON Data";
			sourceTree = "<group>";
		};
		BB830B7B2AD1DC98009CA51A /* Components */ = {
			isa = PBXGroup;
			children = (
				BBAF51C52AE05FD000091282 /* Cart */,
				BB830B7E2AD1FAC6009CA51A /* Offer */,
				BB54B1472AD48920006151A6 /* CachedImage.swift */,
				BB3745C92AE31B11000E342B /* Line.swift */,
			);
			path = Components;
			sourceTree = "<group>";
		};
		BB830B7E2AD1FAC6009CA51A /* Offer */ = {
			isa = PBXGroup;
			children = (
				BB830B7C2AD1DD5F009CA51A /* OfferCellView.swift */,
				BB830B7F2AD1FAEC009CA51A /* OfferView.swift */,
			);
			path = Offer;
			sourceTree = "<group>";
		};
		BBAF51C52AE05FD000091282 /* Cart */ = {
			isa = PBXGroup;
			children = (
				BBAF51C62AE05FD800091282 /* ItemAddedView.swift */,
			);
			path = Cart;
			sourceTree = "<group>";
		};
		BBAF51C82AE06D2300091282 /* Cart */ = {
			isa = PBXGroup;
			children = (
				BBAF51CB2AE0750E00091282 /* Components */,
				BBAF51C92AE06D2E00091282 /* CartView.swift */,
			);
			path = Cart;
			sourceTree = "<group>";
		};
		BBAF51CB2AE0750E00091282 /* Components */ = {
			isa = PBXGroup;
			children = (
				BBAF51CC2AE0751800091282 /* CartRowView.swift */,
				BB6D1C922AE1891D00B23ED0 /* CartItemOverview.swift */,
				BB8E3A5C2AE443A100BDAC6B /* CardDetailsInputView.swift */,
			);
			path = Components;
			sourceTree = "<group>";
		};
		BBD19F852AD2D7AD00EFAB2A /* JSON */ = {
			isa = PBXGroup;
			children = (
				BB6976152ACF32E100FD0753 /* JSONTests.swift */,
				BBD19F862AD2D85900EFAB2A /* JSONOffersTests.json */,
				BBF8A6AF2ADA8DE5005CA357 /* JSONLocationsTests.json */,
			);
			path = JSON;
			sourceTree = "<group>";
		};
		BBDF3E002AD314A900DD56D5 /* MapTab */ = {
			isa = PBXGroup;
			children = (
				BBFAF0E22ADDC213003C52CF /* Components */,
				BBDF3E012AD314B400DD56D5 /* MapView.swift */,
				BB0419672AD895090016D51C /* MapViewModel.swift */,
			);
			path = MapTab;
			sourceTree = "<group>";
		};
		BBFAF0E12ADDC1FB003C52CF /* Components */ = {
			isa = PBXGroup;
			children = (
				BBA1D9172ADB1D4600941988 /* MenuSectionCellView.swift */,
				BB03F27D2ADC6A35005238C5 /* MenuItemRowView.swift */,
				BBA1D9192ADB205000941988 /* MenuSectionView.swift */,
				BBFAF0E32ADDC237003C52CF /* MenuItemView.swift */,
				BB8E907D2ADF1D3700A2E56E /* OptionView.swift */,
			);
			path = Components;
			sourceTree = "<group>";
		};
		BBFAF0E22ADDC213003C52CF /* Components */ = {
			isa = PBXGroup;
			children = (
				BB7D80472AD8926C0019E911 /* LocationRowView.swift */,
			);
			path = Components;
			sourceTree = "<group>";
		};
/* End PBXGroup section */

/* Begin PBXNativeTarget section */
		BB6975FD2ACF32E000FD0753 /* Italiano */ = {
			isa = PBXNativeTarget;
			buildConfigurationList = BB6976252ACF32E100FD0753 /* Build configuration list for PBXNativeTarget "Italiano" */;
			buildPhases = (
				BB6975FA2ACF32E000FD0753 /* Sources */,
				BB6975FB2ACF32E000FD0753 /* Frameworks */,
				BB6975FC2ACF32E000FD0753 /* Resources */,
			);
			buildRules = (
			);
			dependencies = (
			);
			name = Italiano;
			productName = Italiano;
			productReference = BB6975FE2ACF32E000FD0753 /* Italiano.app */;
			productType = "com.apple.product-type.application";
		};
		BB6976102ACF32E100FD0753 /* ItalianoTests */ = {
			isa = PBXNativeTarget;
			buildConfigurationList = BB6976282ACF32E100FD0753 /* Build configuration list for PBXNativeTarget "ItalianoTests" */;
			buildPhases = (
				BB69760D2ACF32E100FD0753 /* Sources */,
				BB69760E2ACF32E100FD0753 /* Frameworks */,
				BB69760F2ACF32E100FD0753 /* Resources */,
			);
			buildRules = (
			);
			dependencies = (
				BB6976132ACF32E100FD0753 /* PBXTargetDependency */,
			);
			name = ItalianoTests;
			productName = ItalianoTests;
			productReference = BB6976112ACF32E100FD0753 /* ItalianoTests.xctest */;
			productType = "com.apple.product-type.bundle.unit-test";
		};
		BB69761A2ACF32E100FD0753 /* ItalianoUITests */ = {
			isa = PBXNativeTarget;
			buildConfigurationList = BB69762B2ACF32E100FD0753 /* Build configuration list for PBXNativeTarget "ItalianoUITests" */;
			buildPhases = (
				BB6976172ACF32E100FD0753 /* Sources */,
				BB6976182ACF32E100FD0753 /* Frameworks */,
				BB6976192ACF32E100FD0753 /* Resources */,
			);
			buildRules = (
			);
			dependencies = (
				BB69761D2ACF32E100FD0753 /* PBXTargetDependency */,
			);
			name = ItalianoUITests;
			productName = ItalianoUITests;
			productReference = BB69761B2ACF32E100FD0753 /* ItalianoUITests.xctest */;
			productType = "com.apple.product-type.bundle.ui-testing";
		};
/* End PBXNativeTarget section */

/* Begin PBXProject section */
		BB6975F62ACF32E000FD0753 /* Project object */ = {
			isa = PBXProject;
			attributes = {
				BuildIndependentTargetsInParallel = 1;
				LastSwiftUpdateCheck = 1500;
				LastUpgradeCheck = 1500;
				TargetAttributes = {
					BB6975FD2ACF32E000FD0753 = {
						CreatedOnToolsVersion = 15.0;
					};
					BB6976102ACF32E100FD0753 = {
						CreatedOnToolsVersion = 15.0;
						TestTargetID = BB6975FD2ACF32E000FD0753;
					};
					BB69761A2ACF32E100FD0753 = {
						CreatedOnToolsVersion = 15.0;
						TestTargetID = BB6975FD2ACF32E000FD0753;
					};
				};
			};
			buildConfigurationList = BB6975F92ACF32E000FD0753 /* Build configuration list for PBXProject "Italiano" */;
			compatibilityVersion = "Xcode 14.0";
			developmentRegion = en;
			hasScannedForEncodings = 0;
			knownRegions = (
				en,
				Base,
			);
			mainGroup = BB6975F52ACF32E000FD0753;
			productRefGroup = BB6975FF2ACF32E000FD0753 /* Products */;
			projectDirPath = "";
			projectRoot = "";
			targets = (
				BB6975FD2ACF32E000FD0753 /* Italiano */,
				BB6976102ACF32E100FD0753 /* ItalianoTests */,
				BB69761A2ACF32E100FD0753 /* ItalianoUITests */,
			);
		};
/* End PBXProject section */

/* Begin PBXResourcesBuildPhase section */
		BB6975FC2ACF32E000FD0753 /* Resources */ = {
			isa = PBXResourcesBuildPhase;
			buildActionMask = 2147483647;
			files = (
				BB830B722AD1C6A6009CA51A /* Offers.json in Resources */,
				BB830B6B2AD1B199009CA51A /* Aleo.ttf in Resources */,
				BBF8A6B12ADA8FAA005CA357 /* JSONLocationsTests.json in Resources */,
				BBDF3E042AD318B600DD56D5 /* Locations.json in Resources */,
				BB69760C2ACF32E100FD0753 /* Preview Assets.xcassets in Resources */,
				BB6976082ACF32E100FD0753 /* Assets.xcassets in Resources */,
				BBA1D9152ADB198500941988 /* Menu.json in Resources */,
				BBD19F892AD2D92D00EFAB2A /* JSONOffersTests.json in Resources */,
			);
			runOnlyForDeploymentPostprocessing = 0;
		};
		BB69760F2ACF32E100FD0753 /* Resources */ = {
			isa = PBXResourcesBuildPhase;
			buildActionMask = 2147483647;
			files = (
			);
			runOnlyForDeploymentPostprocessing = 0;
		};
		BB6976192ACF32E100FD0753 /* Resources */ = {
			isa = PBXResourcesBuildPhase;
			buildActionMask = 2147483647;
			files = (
			);
			runOnlyForDeploymentPostprocessing = 0;
		};
/* End PBXResourcesBuildPhase section */

/* Begin PBXSourcesBuildPhase section */
		BB6975FA2ACF32E000FD0753 /* Sources */ = {
			isa = PBXSourcesBuildPhase;
			buildActionMask = 2147483647;
			files = (
				BB830B762AD1CCEB009CA51A /* DataContainer.swift in Sources */,
				BBA1D9182ADB1D4600941988 /* MenuSectionCellView.swift in Sources */,
				BBAF51C72AE05FD800091282 /* ItemAddedView.swift in Sources */,
				BB03F27E2ADC6A35005238C5 /* MenuItemRowView.swift in Sources */,
				BB8E3A5D2AE443A100BDAC6B /* CardDetailsInputView.swift in Sources */,
				BB6976042ACF32E000FD0753 /* ContentView.swift in Sources */,
				BB03F2802ADC6C6C005238C5 /* Double.swift in Sources */,
				BB830B692AD1AD4F009CA51A /* HomeView.swift in Sources */,
				BBAF51CA2AE06D2E00091282 /* CartView.swift in Sources */,
				BB54B14A2AD48A09006151A6 /* CacheManager.swift in Sources */,
				BBAF51CD2AE0751800091282 /* CartRowView.swift in Sources */,
				BBAF51C22AE05C8F00091282 /* CartManager.swift in Sources */,
				BB3745CD2AE31B38000E342B /* DeliveryOption.swift in Sources */,
				BB8E907E2ADF1D3700A2E56E /* OptionView.swift in Sources */,
				BBFAF0E42ADDC237003C52CF /* MenuItemView.swift in Sources */,
				BBA1D91A2ADB205000941988 /* MenuSectionView.swift in Sources */,
				BB6976022ACF32E000FD0753 /* ItalianoApp.swift in Sources */,
				BB830B782AD1D827009CA51A /* JSONDecoder.swift in Sources */,
				BB7D80482AD8926C0019E911 /* LocationRowView.swift in Sources */,
				BB7436B62ADABC3C008FC984 /* MenuView.swift in Sources */,
				BBF8962E2AD9E26F0076B476 /* TimeInterval.swift in Sources */,
				BB3745CA2AE31B11000E342B /* Line.swift in Sources */,
				BB830B632AD18FE7009CA51A /* SwiftDataPreview.swift in Sources */,
				BBDF3DFB2AD2EC1B00DD56D5 /* RouteManager.swift in Sources */,
				BB54B1482AD48920006151A6 /* CachedImage.swift in Sources */,
				BBDF3E022AD314B400DD56D5 /* MapView.swift in Sources */,
				BB0419682AD895090016D51C /* MapViewModel.swift in Sources */,
				BB830B6F2AD1B24E009CA51A /* Font.swift in Sources */,
				BB830B802AD1FAEC009CA51A /* OfferView.swift in Sources */,
				BB04196A2AD895290016D51C /* CLLocation.swift in Sources */,
				BB6D1C932AE1891D00B23ED0 /* CartItemOverview.swift in Sources */,
				BB830B612AD18E4B009CA51A /* PreviewContainer.swift in Sources */,
				BB830B7D2AD1DD5F009CA51A /* OfferCellView.swift in Sources */,
				BB830B5F2AD18D6E009CA51A /* VersionedSchemas.swift in Sources */,
				BB830B652AD1A621009CA51A /* Color.swift in Sources */,
				BBF8962C2AD9E2380076B476 /* DirectionManager.swift in Sources */,
			);
			runOnlyForDeploymentPostprocessing = 0;
		};
		BB69760D2ACF32E100FD0753 /* Sources */ = {
			isa = PBXSourcesBuildPhase;
			buildActionMask = 2147483647;
			files = (
				BB6976162ACF32E100FD0753 /* JSONTests.swift in Sources */,
				BBDF3DFF2AD2F5D300DD56D5 /* RouteManagerTests.swift in Sources */,
			);
			runOnlyForDeploymentPostprocessing = 0;
		};
		BB6976172ACF32E100FD0753 /* Sources */ = {
			isa = PBXSourcesBuildPhase;
			buildActionMask = 2147483647;
			files = (
				BB6976222ACF32E100FD0753 /* ItalianoUITestsLaunchTests.swift in Sources */,
				BB6976202ACF32E100FD0753 /* ItalianoUITests.swift in Sources */,
			);
			runOnlyForDeploymentPostprocessing = 0;
		};
/* End PBXSourcesBuildPhase section */

/* Begin PBXTargetDependency section */
		BB6976132ACF32E100FD0753 /* PBXTargetDependency */ = {
			isa = PBXTargetDependency;
			target = BB6975FD2ACF32E000FD0753 /* Italiano */;
			targetProxy = BB6976122ACF32E100FD0753 /* PBXContainerItemProxy */;
		};
		BB69761D2ACF32E100FD0753 /* PBXTargetDependency */ = {
			isa = PBXTargetDependency;
			target = BB6975FD2ACF32E000FD0753 /* Italiano */;
			targetProxy = BB69761C2ACF32E100FD0753 /* PBXContainerItemProxy */;
		};
/* End PBXTargetDependency section */

/* Begin XCBuildConfiguration section */
		BB6976232ACF32E100FD0753 /* Debug */ = {
			isa = XCBuildConfiguration;
			buildSettings = {
				ALWAYS_SEARCH_USER_PATHS = NO;
				ASSETCATALOG_COMPILER_GENERATE_SWIFT_ASSET_SYMBOL_EXTENSIONS = YES;
				CLANG_ANALYZER_NONNULL = YES;
				CLANG_ANALYZER_NUMBER_OBJECT_CONVERSION = YES_AGGRESSIVE;
				CLANG_CXX_LANGUAGE_STANDARD = "gnu++20";
				CLANG_ENABLE_MODULES = YES;
				CLANG_ENABLE_OBJC_ARC = YES;
				CLANG_ENABLE_OBJC_WEAK = YES;
				CLANG_WARN_BLOCK_CAPTURE_AUTORELEASING = YES;
				CLANG_WARN_BOOL_CONVERSION = YES;
				CLANG_WARN_COMMA = YES;
				CLANG_WARN_CONSTANT_CONVERSION = YES;
				CLANG_WARN_DEPRECATED_OBJC_IMPLEMENTATIONS = YES;
				CLANG_WARN_DIRECT_OBJC_ISA_USAGE = YES_ERROR;
				CLANG_WARN_DOCUMENTATION_COMMENTS = YES;
				CLANG_WARN_EMPTY_BODY = YES;
				CLANG_WARN_ENUM_CONVERSION = YES;
				CLANG_WARN_INFINITE_RECURSION = YES;
				CLANG_WARN_INT_CONVERSION = YES;
				CLANG_WARN_NON_LITERAL_NULL_CONVERSION = YES;
				CLANG_WARN_OBJC_IMPLICIT_RETAIN_SELF = YES;
				CLANG_WARN_OBJC_LITERAL_CONVERSION = YES;
				CLANG_WARN_OBJC_ROOT_CLASS = YES_ERROR;
				CLANG_WARN_QUOTED_INCLUDE_IN_FRAMEWORK_HEADER = YES;
				CLANG_WARN_RANGE_LOOP_ANALYSIS = YES;
				CLANG_WARN_STRICT_PROTOTYPES = YES;
				CLANG_WARN_SUSPICIOUS_MOVE = YES;
				CLANG_WARN_UNGUARDED_AVAILABILITY = YES_AGGRESSIVE;
				CLANG_WARN_UNREACHABLE_CODE = YES;
				CLANG_WARN__DUPLICATE_METHOD_MATCH = YES;
				COPY_PHASE_STRIP = NO;
				DEBUG_INFORMATION_FORMAT = dwarf;
				ENABLE_STRICT_OBJC_MSGSEND = YES;
				ENABLE_TESTABILITY = YES;
				ENABLE_USER_SCRIPT_SANDBOXING = YES;
				GCC_C_LANGUAGE_STANDARD = gnu17;
				GCC_DYNAMIC_NO_PIC = NO;
				GCC_NO_COMMON_BLOCKS = YES;
				GCC_OPTIMIZATION_LEVEL = 0;
				GCC_PREPROCESSOR_DEFINITIONS = (
					"DEBUG=1",
					"$(inherited)",
				);
				GCC_WARN_64_TO_32_BIT_CONVERSION = YES;
				GCC_WARN_ABOUT_RETURN_TYPE = YES_ERROR;
				GCC_WARN_UNDECLARED_SELECTOR = YES;
				GCC_WARN_UNINITIALIZED_AUTOS = YES_AGGRESSIVE;
				GCC_WARN_UNUSED_FUNCTION = YES;
				GCC_WARN_UNUSED_VARIABLE = YES;
				IPHONEOS_DEPLOYMENT_TARGET = 17.0;
				LOCALIZATION_PREFERS_STRING_CATALOGS = YES;
				MTL_ENABLE_DEBUG_INFO = INCLUDE_SOURCE;
				MTL_FAST_MATH = YES;
				ONLY_ACTIVE_ARCH = YES;
				SWIFT_ACTIVE_COMPILATION_CONDITIONS = "DEBUG $(inherited)";
				SWIFT_OPTIMIZATION_LEVEL = "-Onone";
			};
			name = Debug;
		};
		BB6976242ACF32E100FD0753 /* Release */ = {
			isa = XCBuildConfiguration;
			buildSettings = {
				ALWAYS_SEARCH_USER_PATHS = NO;
				ASSETCATALOG_COMPILER_GENERATE_SWIFT_ASSET_SYMBOL_EXTENSIONS = YES;
				CLANG_ANALYZER_NONNULL = YES;
				CLANG_ANALYZER_NUMBER_OBJECT_CONVERSION = YES_AGGRESSIVE;
				CLANG_CXX_LANGUAGE_STANDARD = "gnu++20";
				CLANG_ENABLE_MODULES = YES;
				CLANG_ENABLE_OBJC_ARC = YES;
				CLANG_ENABLE_OBJC_WEAK = YES;
				CLANG_WARN_BLOCK_CAPTURE_AUTORELEASING = YES;
				CLANG_WARN_BOOL_CONVERSION = YES;
				CLANG_WARN_COMMA = YES;
				CLANG_WARN_CONSTANT_CONVERSION = YES;
				CLANG_WARN_DEPRECATED_OBJC_IMPLEMENTATIONS = YES;
				CLANG_WARN_DIRECT_OBJC_ISA_USAGE = YES_ERROR;
				CLANG_WARN_DOCUMENTATION_COMMENTS = YES;
				CLANG_WARN_EMPTY_BODY = YES;
				CLANG_WARN_ENUM_CONVERSION = YES;
				CLANG_WARN_INFINITE_RECURSION = YES;
				CLANG_WARN_INT_CONVERSION = YES;
				CLANG_WARN_NON_LITERAL_NULL_CONVERSION = YES;
				CLANG_WARN_OBJC_IMPLICIT_RETAIN_SELF = YES;
				CLANG_WARN_OBJC_LITERAL_CONVERSION = YES;
				CLANG_WARN_OBJC_ROOT_CLASS = YES_ERROR;
				CLANG_WARN_QUOTED_INCLUDE_IN_FRAMEWORK_HEADER = YES;
				CLANG_WARN_RANGE_LOOP_ANALYSIS = YES;
				CLANG_WARN_STRICT_PROTOTYPES = YES;
				CLANG_WARN_SUSPICIOUS_MOVE = YES;
				CLANG_WARN_UNGUARDED_AVAILABILITY = YES_AGGRESSIVE;
				CLANG_WARN_UNREACHABLE_CODE = YES;
				CLANG_WARN__DUPLICATE_METHOD_MATCH = YES;
				COPY_PHASE_STRIP = NO;
				DEBUG_INFORMATION_FORMAT = "dwarf-with-dsym";
				ENABLE_NS_ASSERTIONS = NO;
				ENABLE_STRICT_OBJC_MSGSEND = YES;
				ENABLE_USER_SCRIPT_SANDBOXING = YES;
				GCC_C_LANGUAGE_STANDARD = gnu17;
				GCC_NO_COMMON_BLOCKS = YES;
				GCC_WARN_64_TO_32_BIT_CONVERSION = YES;
				GCC_WARN_ABOUT_RETURN_TYPE = YES_ERROR;
				GCC_WARN_UNDECLARED_SELECTOR = YES;
				GCC_WARN_UNINITIALIZED_AUTOS = YES_AGGRESSIVE;
				GCC_WARN_UNUSED_FUNCTION = YES;
				GCC_WARN_UNUSED_VARIABLE = YES;
				IPHONEOS_DEPLOYMENT_TARGET = 17.0;
				LOCALIZATION_PREFERS_STRING_CATALOGS = YES;
				MTL_ENABLE_DEBUG_INFO = NO;
				MTL_FAST_MATH = YES;
				SWIFT_COMPILATION_MODE = wholemodule;
			};
			name = Release;
		};
		BB6976262ACF32E100FD0753 /* Debug */ = {
			isa = XCBuildConfiguration;
			buildSettings = {
				ASSETCATALOG_COMPILER_APPICON_NAME = AppIcon;
				ASSETCATALOG_COMPILER_GLOBAL_ACCENT_COLOR_NAME = Light_green;
				CODE_SIGN_ENTITLEMENTS = Italiano/Italiano.entitlements;
				CODE_SIGN_STYLE = Automatic;
				CURRENT_PROJECT_VERSION = 1;
				DEVELOPMENT_ASSET_PATHS = "\"Italiano/Preview Content\"";
				DEVELOPMENT_TEAM = VFJ7656544;
				ENABLE_HARDENED_RUNTIME = YES;
				ENABLE_PREVIEWS = YES;
				GENERATE_INFOPLIST_FILE = YES;
				INFOPLIST_FILE = Italiano/Info.plist;
				INFOPLIST_KEY_CFBundleDisplayName = Italiano;
				INFOPLIST_KEY_LSApplicationCategoryType = "public.app-category.food-and-drink";
				INFOPLIST_KEY_NSLocationWhenInUseUsageDescription = "We would like to display your location on the map";
				"INFOPLIST_KEY_UIApplicationSceneManifest_Generation[sdk=iphoneos*]" = YES;
				"INFOPLIST_KEY_UIApplicationSceneManifest_Generation[sdk=iphonesimulator*]" = YES;
				"INFOPLIST_KEY_UIApplicationSupportsIndirectInputEvents[sdk=iphoneos*]" = YES;
				"INFOPLIST_KEY_UIApplicationSupportsIndirectInputEvents[sdk=iphonesimulator*]" = YES;
				"INFOPLIST_KEY_UILaunchScreen_Generation[sdk=iphoneos*]" = YES;
				"INFOPLIST_KEY_UILaunchScreen_Generation[sdk=iphonesimulator*]" = YES;
				"INFOPLIST_KEY_UIStatusBarStyle[sdk=iphoneos*]" = UIStatusBarStyleDefault;
				"INFOPLIST_KEY_UIStatusBarStyle[sdk=iphonesimulator*]" = UIStatusBarStyleDefault;
				INFOPLIST_KEY_UISupportedInterfaceOrientations = UIInterfaceOrientationPortrait;
				INFOPLIST_KEY_UISupportedInterfaceOrientations_iPad = "UIInterfaceOrientationLandscapeLeft UIInterfaceOrientationLandscapeRight UIInterfaceOrientationPortrait UIInterfaceOrientationPortraitUpsideDown";
				IPHONEOS_DEPLOYMENT_TARGET = 17.0;
				LD_RUNPATH_SEARCH_PATHS = "@executable_path/Frameworks";
				"LD_RUNPATH_SEARCH_PATHS[sdk=macosx*]" = "@executable_path/../Frameworks";
				MACOSX_DEPLOYMENT_TARGET = 14.0;
				MARKETING_VERSION = 0.1.0;
				OTHER_LIBTOOLFLAGS = "\"-XCExpApple true\" \"-XCBuildForPre true\" \"-WLinkingC true\"";
				PRODUCT_BUNDLE_IDENTIFIER = com.danielblare.Italiano;
				PRODUCT_NAME = "$(TARGET_NAME)";
				SDKROOT = auto;
				SUPPORTED_PLATFORMS = "iphoneos iphonesimulator";
				SUPPORTS_MACCATALYST = NO;
				SWIFT_EMIT_LOC_STRINGS = YES;
				SWIFT_VERSION = 5.0;
				TARGETED_DEVICE_FAMILY = 1;
			};
			name = Debug;
		};
		BB6976272ACF32E100FD0753 /* Release */ = {
			isa = XCBuildConfiguration;
			buildSettings = {
				ASSETCATALOG_COMPILER_APPICON_NAME = AppIcon;
				ASSETCATALOG_COMPILER_GLOBAL_ACCENT_COLOR_NAME = Light_green;
				CODE_SIGN_ENTITLEMENTS = Italiano/Italiano.entitlements;
				CODE_SIGN_STYLE = Automatic;
				CURRENT_PROJECT_VERSION = 1;
				DEVELOPMENT_ASSET_PATHS = "\"Italiano/Preview Content\"";
				DEVELOPMENT_TEAM = VFJ7656544;
				ENABLE_HARDENED_RUNTIME = YES;
				ENABLE_PREVIEWS = YES;
				GENERATE_INFOPLIST_FILE = YES;
				INFOPLIST_FILE = Italiano/Info.plist;
				INFOPLIST_KEY_CFBundleDisplayName = Italiano;
				INFOPLIST_KEY_LSApplicationCategoryType = "public.app-category.food-and-drink";
				INFOPLIST_KEY_NSLocationWhenInUseUsageDescription = "We would like to display your location on the map";
				"INFOPLIST_KEY_UIApplicationSceneManifest_Generation[sdk=iphoneos*]" = YES;
				"INFOPLIST_KEY_UIApplicationSceneManifest_Generation[sdk=iphonesimulator*]" = YES;
				"INFOPLIST_KEY_UIApplicationSupportsIndirectInputEvents[sdk=iphoneos*]" = YES;
				"INFOPLIST_KEY_UIApplicationSupportsIndirectInputEvents[sdk=iphonesimulator*]" = YES;
				"INFOPLIST_KEY_UILaunchScreen_Generation[sdk=iphoneos*]" = YES;
				"INFOPLIST_KEY_UILaunchScreen_Generation[sdk=iphonesimulator*]" = YES;
				"INFOPLIST_KEY_UIStatusBarStyle[sdk=iphoneos*]" = UIStatusBarStyleDefault;
				"INFOPLIST_KEY_UIStatusBarStyle[sdk=iphonesimulator*]" = UIStatusBarStyleDefault;
				INFOPLIST_KEY_UISupportedInterfaceOrientations = UIInterfaceOrientationPortrait;
				INFOPLIST_KEY_UISupportedInterfaceOrientations_iPad = "UIInterfaceOrientationLandscapeLeft UIInterfaceOrientationLandscapeRight UIInterfaceOrientationPortrait UIInterfaceOrientationPortraitUpsideDown";
				IPHONEOS_DEPLOYMENT_TARGET = 17.0;
				LD_RUNPATH_SEARCH_PATHS = "@executable_path/Frameworks";
				"LD_RUNPATH_SEARCH_PATHS[sdk=macosx*]" = "@executable_path/../Frameworks";
				MACOSX_DEPLOYMENT_TARGET = 14.0;
				MARKETING_VERSION = 0.1.0;
				OTHER_LIBTOOLFLAGS = "\"-XCExpApple true\" \"-XCBuildForPre true\" \"-WLinkingC true\"";
				PRODUCT_BUNDLE_IDENTIFIER = com.danielblare.Italiano;
				PRODUCT_NAME = "$(TARGET_NAME)";
				SDKROOT = auto;
				SUPPORTED_PLATFORMS = "iphoneos iphonesimulator";
				SUPPORTS_MACCATALYST = NO;
				SWIFT_EMIT_LOC_STRINGS = YES;
				SWIFT_VERSION = 5.0;
				TARGETED_DEVICE_FAMILY = 1;
			};
			name = Release;
		};
		BB6976292ACF32E100FD0753 /* Debug */ = {
			isa = XCBuildConfiguration;
			buildSettings = {
				ALWAYS_EMBED_SWIFT_STANDARD_LIBRARIES = YES;
				BUNDLE_LOADER = "$(TEST_HOST)";
				CODE_SIGN_STYLE = Automatic;
				CURRENT_PROJECT_VERSION = 1;
				DEVELOPMENT_TEAM = VFJ7656544;
				GENERATE_INFOPLIST_FILE = YES;
				IPHONEOS_DEPLOYMENT_TARGET = 17.0;
				MACOSX_DEPLOYMENT_TARGET = 14.0;
				MARKETING_VERSION = 1.0;
				PRODUCT_BUNDLE_IDENTIFIER = com.danielblare.ItalianoTests;
				PRODUCT_NAME = "$(TARGET_NAME)";
				SDKROOT = auto;
				SUPPORTED_PLATFORMS = "iphoneos iphonesimulator";
				SUPPORTS_MACCATALYST = NO;
				SWIFT_EMIT_LOC_STRINGS = NO;
				SWIFT_VERSION = 5.0;
				TARGETED_DEVICE_FAMILY = 1;
				TEST_HOST = "$(BUILT_PRODUCTS_DIR)/Italiano.app/$(BUNDLE_EXECUTABLE_FOLDER_PATH)/Italiano";
			};
			name = Debug;
		};
		BB69762A2ACF32E100FD0753 /* Release */ = {
			isa = XCBuildConfiguration;
			buildSettings = {
				ALWAYS_EMBED_SWIFT_STANDARD_LIBRARIES = YES;
				BUNDLE_LOADER = "$(TEST_HOST)";
				CODE_SIGN_STYLE = Automatic;
				CURRENT_PROJECT_VERSION = 1;
				DEVELOPMENT_TEAM = VFJ7656544;
				GENERATE_INFOPLIST_FILE = YES;
				IPHONEOS_DEPLOYMENT_TARGET = 17.0;
				MACOSX_DEPLOYMENT_TARGET = 14.0;
				MARKETING_VERSION = 1.0;
				PRODUCT_BUNDLE_IDENTIFIER = com.danielblare.ItalianoTests;
				PRODUCT_NAME = "$(TARGET_NAME)";
				SDKROOT = auto;
				SUPPORTED_PLATFORMS = "iphoneos iphonesimulator";
				SUPPORTS_MACCATALYST = NO;
				SWIFT_EMIT_LOC_STRINGS = NO;
				SWIFT_VERSION = 5.0;
				TARGETED_DEVICE_FAMILY = 1;
				TEST_HOST = "$(BUILT_PRODUCTS_DIR)/Italiano.app/$(BUNDLE_EXECUTABLE_FOLDER_PATH)/Italiano";
			};
			name = Release;
		};
		BB69762C2ACF32E100FD0753 /* Debug */ = {
			isa = XCBuildConfiguration;
			buildSettings = {
				ALWAYS_EMBED_SWIFT_STANDARD_LIBRARIES = YES;
				CODE_SIGN_STYLE = Automatic;
				CURRENT_PROJECT_VERSION = 1;
				DEVELOPMENT_TEAM = VFJ7656544;
				GENERATE_INFOPLIST_FILE = YES;
				IPHONEOS_DEPLOYMENT_TARGET = 17.0;
				MACOSX_DEPLOYMENT_TARGET = 14.0;
				MARKETING_VERSION = 1.0;
				PRODUCT_BUNDLE_IDENTIFIER = com.danielblare.ItalianoUITests;
				PRODUCT_NAME = "$(TARGET_NAME)";
				SDKROOT = auto;
				SUPPORTED_PLATFORMS = "iphoneos iphonesimulator";
				SUPPORTS_MACCATALYST = NO;
				SWIFT_EMIT_LOC_STRINGS = NO;
				SWIFT_VERSION = 5.0;
				TARGETED_DEVICE_FAMILY = 1;
				TEST_TARGET_NAME = Italiano;
			};
			name = Debug;
		};
		BB69762D2ACF32E100FD0753 /* Release */ = {
			isa = XCBuildConfiguration;
			buildSettings = {
				ALWAYS_EMBED_SWIFT_STANDARD_LIBRARIES = YES;
				CODE_SIGN_STYLE = Automatic;
				CURRENT_PROJECT_VERSION = 1;
				DEVELOPMENT_TEAM = VFJ7656544;
				GENERATE_INFOPLIST_FILE = YES;
				IPHONEOS_DEPLOYMENT_TARGET = 17.0;
				MACOSX_DEPLOYMENT_TARGET = 14.0;
				MARKETING_VERSION = 1.0;
				PRODUCT_BUNDLE_IDENTIFIER = com.danielblare.ItalianoUITests;
				PRODUCT_NAME = "$(TARGET_NAME)";
				SDKROOT = auto;
				SUPPORTED_PLATFORMS = "iphoneos iphonesimulator";
				SUPPORTS_MACCATALYST = NO;
				SWIFT_EMIT_LOC_STRINGS = NO;
				SWIFT_VERSION = 5.0;
				TARGETED_DEVICE_FAMILY = 1;
				TEST_TARGET_NAME = Italiano;
			};
			name = Release;
		};
/* End XCBuildConfiguration section */

/* Begin XCConfigurationList section */
		BB6975F92ACF32E000FD0753 /* Build configuration list for PBXProject "Italiano" */ = {
			isa = XCConfigurationList;
			buildConfigurations = (
				BB6976232ACF32E100FD0753 /* Debug */,
				BB6976242ACF32E100FD0753 /* Release */,
			);
			defaultConfigurationIsVisible = 0;
			defaultConfigurationName = Release;
		};
		BB6976252ACF32E100FD0753 /* Build configuration list for PBXNativeTarget "Italiano" */ = {
			isa = XCConfigurationList;
			buildConfigurations = (
				BB6976262ACF32E100FD0753 /* Debug */,
				BB6976272ACF32E100FD0753 /* Release */,
			);
			defaultConfigurationIsVisible = 0;
			defaultConfigurationName = Release;
		};
		BB6976282ACF32E100FD0753 /* Build configuration list for PBXNativeTarget "ItalianoTests" */ = {
			isa = XCConfigurationList;
			buildConfigurations = (
				BB6976292ACF32E100FD0753 /* Debug */,
				BB69762A2ACF32E100FD0753 /* Release */,
			);
			defaultConfigurationIsVisible = 0;
			defaultConfigurationName = Release;
		};
		BB69762B2ACF32E100FD0753 /* Build configuration list for PBXNativeTarget "ItalianoUITests" */ = {
			isa = XCConfigurationList;
			buildConfigurations = (
				BB69762C2ACF32E100FD0753 /* Debug */,
				BB69762D2ACF32E100FD0753 /* Release */,
			);
			defaultConfigurationIsVisible = 0;
			defaultConfigurationName = Release;
		};
/* End XCConfigurationList section */
	};
	rootObject = BB6975F62ACF32E000FD0753 /* Project object */;
}
